
Microsoft Visual Studio Solution File, Format Version 12.00
# Visual Studio Version 17
VisualStudioVersion = 17.4.33103.184
MinimumVisualStudioVersion = 10.0.40219.1
Project("{FAE04EC0-301F-11D3-BF4B-00C04F79EFBC}") = "Area_1012", "Area_1012\Area_1012.csproj", "{AA1D069C-047E-4B0E-BD69-604D55517B64}"
EndProject
Global
	GlobalSection(SolutionConfigurationPlatforms) = preSolution
		Debug|Any CPU = Debug|Any CPU
		Release|Any CPU = Release|Any CPU
	EndGlobalSection
	GlobalSection(ProjectConfigurationPlatforms) = postSolution
		{AA1D069C-047E-4B0E-BD69-604D55517B64}.Debug|Any CPU.ActiveCfg = Debug|Any CPU
		{AA1D069C-047E-4B0E-BD69-604D55517B64}.Debug|Any CPU.Build.0 = Debug|Any CPU
		{AA1D069C-047E-4B0E-BD69-604D55517B64}.Release|Any CPU.ActiveCfg = Release|Any CPU
		{AA1D069C-047E-4B0E-BD69-604D55517B64}.Release|Any CPU.Build.0 = Release|Any CPU
	EndGlobalSection
	GlobalSection(SolutionProperties) = preSolution
		HideSolutionNode = FALSE
	EndGlobalSection
	GlobalSection(ExtensibilityGlobals) = postSolution
		SolutionGuid = {F9D90ED2-CF82-49B4-B960-A7A05D2BA916}
	EndGlobalSection
EndGlobal
