
Microsoft Visual Studio Solution File, Format Version 12.00
# Visual Studio Version 17
VisualStudioVersion = 17.4.33103.184
MinimumVisualStudioVersion = 10.0.40219.1
Project("{FAE04EC0-301F-11D3-BF4B-00C04F79EFBC}") = "TipoDeCombustivel_1134", "TipoDeCombustivel_1134\TipoDeCombustivel_1134.csproj", "{800D085B-602D-4343-A7B2-D585786B096E}"
EndProject
Global
	GlobalSection(SolutionConfigurationPlatforms) = preSolution
		Debug|Any CPU = Debug|Any CPU
		Release|Any CPU = Release|Any CPU
	EndGlobalSection
	GlobalSection(ProjectConfigurationPlatforms) = postSolution
		{800D085B-602D-4343-A7B2-D585786B096E}.Debug|Any CPU.ActiveCfg = Debug|Any CPU
		{800D085B-602D-4343-A7B2-D585786B096E}.Debug|Any CPU.Build.0 = Debug|Any CPU
		{800D085B-602D-4343-A7B2-D585786B096E}.Release|Any CPU.ActiveCfg = Release|Any CPU
		{800D085B-602D-4343-A7B2-D585786B096E}.Release|Any CPU.Build.0 = Release|Any CPU
	EndGlobalSection
	GlobalSection(SolutionProperties) = preSolution
		HideSolutionNode = FALSE
	EndGlobalSection
	GlobalSection(ExtensibilityGlobals) = postSolution
		SolutionGuid = {95B27437-71A3-4459-8765-273178FCB481}
	EndGlobalSection
EndGlobal
