
Microsoft Visual Studio Solution File, Format Version 12.00
# Visual Studio Version 17
VisualStudioVersion = 17.4.33103.184
MinimumVisualStudioVersion = 10.0.40219.1
Project("{FAE04EC0-301F-11D3-BF4B-00C04F79EFBC}") = "NotasEMoedas_1021", "NotasEMoedas_1021\NotasEMoedas_1021.csproj", "{45B0F3FF-EE76-4026-898E-A17A04F12D4B}"
EndProject
Global
	GlobalSection(SolutionConfigurationPlatforms) = preSolution
		Debug|Any CPU = Debug|Any CPU
		Release|Any CPU = Release|Any CPU
	EndGlobalSection
	GlobalSection(ProjectConfigurationPlatforms) = postSolution
		{45B0F3FF-EE76-4026-898E-A17A04F12D4B}.Debug|Any CPU.ActiveCfg = Debug|Any CPU
		{45B0F3FF-EE76-4026-898E-A17A04F12D4B}.Debug|Any CPU.Build.0 = Debug|Any CPU
		{45B0F3FF-EE76-4026-898E-A17A04F12D4B}.Release|Any CPU.ActiveCfg = Release|Any CPU
		{45B0F3FF-EE76-4026-898E-A17A04F12D4B}.Release|Any CPU.Build.0 = Release|Any CPU
	EndGlobalSection
	GlobalSection(SolutionProperties) = preSolution
		HideSolutionNode = FALSE
	EndGlobalSection
	GlobalSection(ExtensibilityGlobals) = postSolution
		SolutionGuid = {FB96B462-A7A8-40AF-B51B-AD701B3ED90E}
	EndGlobalSection
EndGlobal
