
Microsoft Visual Studio Solution File, Format Version 12.00
# Visual Studio Version 17
VisualStudioVersion = 17.4.33103.184
MinimumVisualStudioVersion = 10.0.40219.1
Project("{FAE04EC0-301F-11D3-BF4B-00C04F79EFBC}") = "MediasPonderadas_1079", "MediasPonderadas_1079\MediasPonderadas_1079.csproj", "{88EE2808-14BB-44F4-94DE-30E485AB029B}"
EndProject
Global
	GlobalSection(SolutionConfigurationPlatforms) = preSolution
		Debug|Any CPU = Debug|Any CPU
		Release|Any CPU = Release|Any CPU
	EndGlobalSection
	GlobalSection(ProjectConfigurationPlatforms) = postSolution
		{88EE2808-14BB-44F4-94DE-30E485AB029B}.Debug|Any CPU.ActiveCfg = Debug|Any CPU
		{88EE2808-14BB-44F4-94DE-30E485AB029B}.Debug|Any CPU.Build.0 = Debug|Any CPU
		{88EE2808-14BB-44F4-94DE-30E485AB029B}.Release|Any CPU.ActiveCfg = Release|Any CPU
		{88EE2808-14BB-44F4-94DE-30E485AB029B}.Release|Any CPU.Build.0 = Release|Any CPU
	EndGlobalSection
	GlobalSection(SolutionProperties) = preSolution
		HideSolutionNode = FALSE
	EndGlobalSection
	GlobalSection(ExtensibilityGlobals) = postSolution
		SolutionGuid = {374F6085-B312-4DCF-9F0A-4D98C6718177}
	EndGlobalSection
EndGlobal
