
Microsoft Visual Studio Solution File, Format Version 12.00
# Visual Studio Version 17
VisualStudioVersion = 17.4.33103.184
MinimumVisualStudioVersion = 10.0.40219.1
Project("{FAE04EC0-301F-11D3-BF4B-00C04F79EFBC}") = "Consumo_1014", "Consumo_1014\Consumo_1014.csproj", "{88056FE8-FA3D-48B1-AAA8-50DF52964EF0}"
EndProject
Global
	GlobalSection(SolutionConfigurationPlatforms) = preSolution
		Debug|Any CPU = Debug|Any CPU
		Release|Any CPU = Release|Any CPU
	EndGlobalSection
	GlobalSection(ProjectConfigurationPlatforms) = postSolution
		{88056FE8-FA3D-48B1-AAA8-50DF52964EF0}.Debug|Any CPU.ActiveCfg = Debug|Any CPU
		{88056FE8-FA3D-48B1-AAA8-50DF52964EF0}.Debug|Any CPU.Build.0 = Debug|Any CPU
		{88056FE8-FA3D-48B1-AAA8-50DF52964EF0}.Release|Any CPU.ActiveCfg = Release|Any CPU
		{88056FE8-FA3D-48B1-AAA8-50DF52964EF0}.Release|Any CPU.Build.0 = Release|Any CPU
	EndGlobalSection
	GlobalSection(SolutionProperties) = preSolution
		HideSolutionNode = FALSE
	EndGlobalSection
	GlobalSection(ExtensibilityGlobals) = postSolution
		SolutionGuid = {F842A19D-39C1-48B7-8DD2-C2A6E8C06E54}
	EndGlobalSection
EndGlobal
