
Microsoft Visual Studio Solution File, Format Version 12.00
# Visual Studio Version 17
VisualStudioVersion = 17.4.33103.184
MinimumVisualStudioVersion = 10.0.40219.1
Project("{FAE04EC0-301F-11D3-BF4B-00C04F79EFBC}") = "MaiorEPosicao_1080", "MaiorEPosicao_1080\MaiorEPosicao_1080.csproj", "{A4C3DC65-5875-468B-94E9-D1C9D182AEDA}"
EndProject
Global
	GlobalSection(SolutionConfigurationPlatforms) = preSolution
		Debug|Any CPU = Debug|Any CPU
		Release|Any CPU = Release|Any CPU
	EndGlobalSection
	GlobalSection(ProjectConfigurationPlatforms) = postSolution
		{A4C3DC65-5875-468B-94E9-D1C9D182AEDA}.Debug|Any CPU.ActiveCfg = Debug|Any CPU
		{A4C3DC65-5875-468B-94E9-D1C9D182AEDA}.Debug|Any CPU.Build.0 = Debug|Any CPU
		{A4C3DC65-5875-468B-94E9-D1C9D182AEDA}.Release|Any CPU.ActiveCfg = Release|Any CPU
		{A4C3DC65-5875-468B-94E9-D1C9D182AEDA}.Release|Any CPU.Build.0 = Release|Any CPU
	EndGlobalSection
	GlobalSection(SolutionProperties) = preSolution
		HideSolutionNode = FALSE
	EndGlobalSection
	GlobalSection(ExtensibilityGlobals) = postSolution
		SolutionGuid = {52EB1FB7-43CA-4CF3-B66E-F204FB93006A}
	EndGlobalSection
EndGlobal
