
Microsoft Visual Studio Solution File, Format Version 12.00
# Visual Studio Version 17
VisualStudioVersion = 17.4.33103.184
MinimumVisualStudioVersion = 10.0.40219.1
Project("{FAE04EC0-301F-11D3-BF4B-00C04F79EFBC}") = "DDD_1050", "DDD_1050\DDD_1050.csproj", "{CE55F571-1137-4177-B73D-B2AB1AB23359}"
EndProject
Global
	GlobalSection(SolutionConfigurationPlatforms) = preSolution
		Debug|Any CPU = Debug|Any CPU
		Release|Any CPU = Release|Any CPU
	EndGlobalSection
	GlobalSection(ProjectConfigurationPlatforms) = postSolution
		{CE55F571-1137-4177-B73D-B2AB1AB23359}.Debug|Any CPU.ActiveCfg = Debug|Any CPU
		{CE55F571-1137-4177-B73D-B2AB1AB23359}.Debug|Any CPU.Build.0 = Debug|Any CPU
		{CE55F571-1137-4177-B73D-B2AB1AB23359}.Release|Any CPU.ActiveCfg = Release|Any CPU
		{CE55F571-1137-4177-B73D-B2AB1AB23359}.Release|Any CPU.Build.0 = Release|Any CPU
	EndGlobalSection
	GlobalSection(SolutionProperties) = preSolution
		HideSolutionNode = FALSE
	EndGlobalSection
	GlobalSection(ExtensibilityGlobals) = postSolution
		SolutionGuid = {11A2AFF6-FC5C-4855-80C1-2B59E8390307}
	EndGlobalSection
EndGlobal
