
Microsoft Visual Studio Solution File, Format Version 12.00
# Visual Studio Version 17
VisualStudioVersion = 17.4.33103.184
MinimumVisualStudioVersion = 10.0.40219.1
Project("{FAE04EC0-301F-11D3-BF4B-00C04F79EFBC}") = "ConversaoDeTempo_1019", "ConversaoDeTempo_1019\ConversaoDeTempo_1019.csproj", "{AED96F8F-2237-4CAF-BC2B-0B4DE53ACE1D}"
EndProject
Global
	GlobalSection(SolutionConfigurationPlatforms) = preSolution
		Debug|Any CPU = Debug|Any CPU
		Release|Any CPU = Release|Any CPU
	EndGlobalSection
	GlobalSection(ProjectConfigurationPlatforms) = postSolution
		{AED96F8F-2237-4CAF-BC2B-0B4DE53ACE1D}.Debug|Any CPU.ActiveCfg = Debug|Any CPU
		{AED96F8F-2237-4CAF-BC2B-0B4DE53ACE1D}.Debug|Any CPU.Build.0 = Debug|Any CPU
		{AED96F8F-2237-4CAF-BC2B-0B4DE53ACE1D}.Release|Any CPU.ActiveCfg = Release|Any CPU
		{AED96F8F-2237-4CAF-BC2B-0B4DE53ACE1D}.Release|Any CPU.Build.0 = Release|Any CPU
	EndGlobalSection
	GlobalSection(SolutionProperties) = preSolution
		HideSolutionNode = FALSE
	EndGlobalSection
	GlobalSection(ExtensibilityGlobals) = postSolution
		SolutionGuid = {DE5C44A3-6841-46F0-983D-C0E4C87F7B5D}
	EndGlobalSection
EndGlobal
