
Microsoft Visual Studio Solution File, Format Version 12.00
# Visual Studio Version 17
VisualStudioVersion = 17.4.33103.184
MinimumVisualStudioVersion = 10.0.40219.1
Project("{FAE04EC0-301F-11D3-BF4B-00C04F79EFBC}") = "AreaDoCirculo_1002", "AreaDoCirculo_1002\AreaDoCirculo_1002.csproj", "{0097FF7E-2138-4697-91F9-5ACE89786E85}"
EndProject
Global
	GlobalSection(SolutionConfigurationPlatforms) = preSolution
		Debug|Any CPU = Debug|Any CPU
		Release|Any CPU = Release|Any CPU
	EndGlobalSection
	GlobalSection(ProjectConfigurationPlatforms) = postSolution
		{0097FF7E-2138-4697-91F9-5ACE89786E85}.Debug|Any CPU.ActiveCfg = Debug|Any CPU
		{0097FF7E-2138-4697-91F9-5ACE89786E85}.Debug|Any CPU.Build.0 = Debug|Any CPU
		{0097FF7E-2138-4697-91F9-5ACE89786E85}.Release|Any CPU.ActiveCfg = Release|Any CPU
		{0097FF7E-2138-4697-91F9-5ACE89786E85}.Release|Any CPU.Build.0 = Release|Any CPU
	EndGlobalSection
	GlobalSection(SolutionProperties) = preSolution
		HideSolutionNode = FALSE
	EndGlobalSection
	GlobalSection(ExtensibilityGlobals) = postSolution
		SolutionGuid = {B4B6AD6C-4543-4069-B740-0175DBFFEB5D}
	EndGlobalSection
EndGlobal
