
Microsoft Visual Studio Solution File, Format Version 12.00
# Visual Studio Version 17
VisualStudioVersion = 17.4.33103.184
MinimumVisualStudioVersion = 10.0.40219.1
Project("{FAE04EC0-301F-11D3-BF4B-00C04F79EFBC}") = "SeisNumerosImpares_1070", "SeisNumerosImpares_1070\SeisNumerosImpares_1070.csproj", "{CC26F884-7DFA-4065-A40A-3640DA14DE61}"
EndProject
Global
	GlobalSection(SolutionConfigurationPlatforms) = preSolution
		Debug|Any CPU = Debug|Any CPU
		Release|Any CPU = Release|Any CPU
	EndGlobalSection
	GlobalSection(ProjectConfigurationPlatforms) = postSolution
		{CC26F884-7DFA-4065-A40A-3640DA14DE61}.Debug|Any CPU.ActiveCfg = Debug|Any CPU
		{CC26F884-7DFA-4065-A40A-3640DA14DE61}.Debug|Any CPU.Build.0 = Debug|Any CPU
		{CC26F884-7DFA-4065-A40A-3640DA14DE61}.Release|Any CPU.ActiveCfg = Release|Any CPU
		{CC26F884-7DFA-4065-A40A-3640DA14DE61}.Release|Any CPU.Build.0 = Release|Any CPU
	EndGlobalSection
	GlobalSection(SolutionProperties) = preSolution
		HideSolutionNode = FALSE
	EndGlobalSection
	GlobalSection(ExtensibilityGlobals) = postSolution
		SolutionGuid = {D218D68E-72AD-4941-97F0-FECE34BD4479}
	EndGlobalSection
EndGlobal
