
Microsoft Visual Studio Solution File, Format Version 12.00
# Visual Studio Version 17
VisualStudioVersion = 17.4.33103.184
MinimumVisualStudioVersion = 10.0.40219.1
Project("{FAE04EC0-301F-11D3-BF4B-00C04F79EFBC}") = "AumentoDeSalario_1048", "AumentoDeSalario_1048\AumentoDeSalario_1048.csproj", "{B98DD1E0-4512-47D7-8012-C87EFA660100}"
EndProject
Global
	GlobalSection(SolutionConfigurationPlatforms) = preSolution
		Debug|Any CPU = Debug|Any CPU
		Release|Any CPU = Release|Any CPU
	EndGlobalSection
	GlobalSection(ProjectConfigurationPlatforms) = postSolution
		{B98DD1E0-4512-47D7-8012-C87EFA660100}.Debug|Any CPU.ActiveCfg = Debug|Any CPU
		{B98DD1E0-4512-47D7-8012-C87EFA660100}.Debug|Any CPU.Build.0 = Debug|Any CPU
		{B98DD1E0-4512-47D7-8012-C87EFA660100}.Release|Any CPU.ActiveCfg = Release|Any CPU
		{B98DD1E0-4512-47D7-8012-C87EFA660100}.Release|Any CPU.Build.0 = Release|Any CPU
	EndGlobalSection
	GlobalSection(SolutionProperties) = preSolution
		HideSolutionNode = FALSE
	EndGlobalSection
	GlobalSection(ExtensibilityGlobals) = postSolution
		SolutionGuid = {196AAECA-C6DA-4DC6-912C-747581CF025F}
	EndGlobalSection
EndGlobal
