
Microsoft Visual Studio Solution File, Format Version 12.00
# Visual Studio Version 17
VisualStudioVersion = 17.4.33103.184
MinimumVisualStudioVersion = 10.0.40219.1
Project("{FAE04EC0-301F-11D3-BF4B-00C04F79EFBC}") = "NumerosImpares_1067", "NumerosImpares_1067\NumerosImpares_1067.csproj", "{BC8561FA-D3FC-4141-B9BA-79C8CE39F28C}"
EndProject
Global
	GlobalSection(SolutionConfigurationPlatforms) = preSolution
		Debug|Any CPU = Debug|Any CPU
		Release|Any CPU = Release|Any CPU
	EndGlobalSection
	GlobalSection(ProjectConfigurationPlatforms) = postSolution
		{BC8561FA-D3FC-4141-B9BA-79C8CE39F28C}.Debug|Any CPU.ActiveCfg = Debug|Any CPU
		{BC8561FA-D3FC-4141-B9BA-79C8CE39F28C}.Debug|Any CPU.Build.0 = Debug|Any CPU
		{BC8561FA-D3FC-4141-B9BA-79C8CE39F28C}.Release|Any CPU.ActiveCfg = Release|Any CPU
		{BC8561FA-D3FC-4141-B9BA-79C8CE39F28C}.Release|Any CPU.Build.0 = Release|Any CPU
	EndGlobalSection
	GlobalSection(SolutionProperties) = preSolution
		HideSolutionNode = FALSE
	EndGlobalSection
	GlobalSection(ExtensibilityGlobals) = postSolution
		SolutionGuid = {C4D3AEFF-9D0B-4843-A9A2-959D0BC3FC59}
	EndGlobalSection
EndGlobal
