
Microsoft Visual Studio Solution File, Format Version 12.00
# Visual Studio Version 17
VisualStudioVersion = 17.4.33103.184
MinimumVisualStudioVersion = 10.0.40219.1
Project("{FAE04EC0-301F-11D3-BF4B-00C04F79EFBC}") = "SequenciaIJ4_1098", "SequenciaIJ4_1098\SequenciaIJ4_1098.csproj", "{7C1371ED-90C4-4A82-9240-35F4A39B515B}"
EndProject
Global
	GlobalSection(SolutionConfigurationPlatforms) = preSolution
		Debug|Any CPU = Debug|Any CPU
		Release|Any CPU = Release|Any CPU
	EndGlobalSection
	GlobalSection(ProjectConfigurationPlatforms) = postSolution
		{7C1371ED-90C4-4A82-9240-35F4A39B515B}.Debug|Any CPU.ActiveCfg = Debug|Any CPU
		{7C1371ED-90C4-4A82-9240-35F4A39B515B}.Debug|Any CPU.Build.0 = Debug|Any CPU
		{7C1371ED-90C4-4A82-9240-35F4A39B515B}.Release|Any CPU.ActiveCfg = Release|Any CPU
		{7C1371ED-90C4-4A82-9240-35F4A39B515B}.Release|Any CPU.Build.0 = Release|Any CPU
	EndGlobalSection
	GlobalSection(SolutionProperties) = preSolution
		HideSolutionNode = FALSE
	EndGlobalSection
	GlobalSection(ExtensibilityGlobals) = postSolution
		SolutionGuid = {0881394A-D759-446D-B87C-9657F209F3FE}
	EndGlobalSection
EndGlobal
